
Microsoft Visual Studio Solution File, Format Version 12.00
# Visual Studio Version 16
VisualStudioVersion = 16.0.29201.188
MinimumVisualStudioVersion = 10.0.40219.1
Project("{FAE04EC0-301F-11D3-BF4B-00C04F79EFBC}") = "index.html", "index.html\index.html.csproj", "{61DB825A-2915-43F4-9E78-8C8949C86D1C}"
EndProject
Global
	GlobalSection(SolutionConfigurationPlatforms) = preSolution
		Debug|Any CPU = Debug|Any CPU
		Release|Any CPU = Release|Any CPU
	EndGlobalSection
	GlobalSection(ProjectConfigurationPlatforms) = postSolution
		{61DB825A-2915-43F4-9E78-8C8949C86D1C}.Debug|Any CPU.ActiveCfg = Debug|Any CPU
		{61DB825A-2915-43F4-9E78-8C8949C86D1C}.Debug|Any CPU.Build.0 = Debug|Any CPU
		{61DB825A-2915-43F4-9E78-8C8949C86D1C}.Release|Any CPU.ActiveCfg = Release|Any CPU
		{61DB825A-2915-43F4-9E78-8C8949C86D1C}.Release|Any CPU.Build.0 = Release|Any CPU
	EndGlobalSection
	GlobalSection(SolutionProperties) = preSolution
		HideSolutionNode = FALSE
	EndGlobalSection
	GlobalSection(ExtensibilityGlobals) = postSolution
		SolutionGuid = {3DA6E7CC-72CE-489B-8428-08894A5EE017}
	EndGlobalSection
EndGlobal
